
Microsoft Visual Studio Solution File, Format Version 12.00
# Visual Studio 15
VisualStudioVersion = 15.0.28307.1000
MinimumVisualStudioVersion = 10.0.40219.1
Project("{FAE04EC0-301F-11D3-BF4B-00C04F79EFBC}") = "11A_Orai_Munka", "11A_Orai_Munka\11A_Orai_Munka.csproj", "{ACCBA075-CE59-4BA6-9ED6-7C744C7E7950}"
EndProject
Project("{FAE04EC0-301F-11D3-BF4B-00C04F79EFBC}") = "TombokHasonlitasa", "TombokHasonlitasa\TombokHasonlitasa.csproj", "{36C8D9A6-2C57-448B-A6E9-05F6F15E7F1A}"
EndProject
Global
	GlobalSection(SolutionConfigurationPlatforms) = preSolution
		Debug|Any CPU = Debug|Any CPU
		Release|Any CPU = Release|Any CPU
	EndGlobalSection
	GlobalSection(ProjectConfigurationPlatforms) = postSolution
		{ACCBA075-CE59-4BA6-9ED6-7C744C7E7950}.Debug|Any CPU.ActiveCfg = Debug|Any CPU
		{ACCBA075-CE59-4BA6-9ED6-7C744C7E7950}.Debug|Any CPU.Build.0 = Debug|Any CPU
		{ACCBA075-CE59-4BA6-9ED6-7C744C7E7950}.Release|Any CPU.ActiveCfg = Release|Any CPU
		{ACCBA075-CE59-4BA6-9ED6-7C744C7E7950}.Release|Any CPU.Build.0 = Release|Any CPU
		{36C8D9A6-2C57-448B-A6E9-05F6F15E7F1A}.Debug|Any CPU.ActiveCfg = Debug|Any CPU
		{36C8D9A6-2C57-448B-A6E9-05F6F15E7F1A}.Debug|Any CPU.Build.0 = Debug|Any CPU
		{36C8D9A6-2C57-448B-A6E9-05F6F15E7F1A}.Release|Any CPU.ActiveCfg = Release|Any CPU
		{36C8D9A6-2C57-448B-A6E9-05F6F15E7F1A}.Release|Any CPU.Build.0 = Release|Any CPU
	EndGlobalSection
	GlobalSection(SolutionProperties) = preSolution
		HideSolutionNode = FALSE
	EndGlobalSection
	GlobalSection(ExtensibilityGlobals) = postSolution
		SolutionGuid = {1A2274F6-FAE1-49E4-91EE-7839FC93C7EC}
	EndGlobalSection
EndGlobal
